
Microsoft Visual Studio Solution File, Format Version 12.00
# Visual Studio 15
VisualStudioVersion = 15.0.27004.2005
MinimumVisualStudioVersion = 10.0.40219.1
Project("{2150E333-8FDC-42A3-9474-1A3956D46DE8}") = "Solution Items", "Solution Items", "{60336BBE-37D5-422C-98B7-979CFDCA00C8}"
EndProject
Project("{FAE04EC0-301F-11D3-BF4B-00C04F79EFBC}") = "mXparser-00-Current", "mXparser-00-Current.csproj", "{DAB07121-1F1D-4D95-B837-539E2FE64BAB}"
EndProject
Project("{FAE04EC0-301F-11D3-BF4B-00C04F79EFBC}") = "Run-Tests-00-Current", "exe-lib-tests\Run-Tests-Reg\Run-Tests-00-Current.csproj", "{C27B3CA5-FF2E-4BEB-8C39-D33A777E852C}"
EndProject
Project("{FAE04EC0-301F-11D3-BF4B-00C04F79EFBC}") = "Run-Tests-Working", "exe-lib-tests\Run-Tests-Working\Run-Tests-Working.csproj", "{379A29D3-CE34-43AA-A333-AAF73165359A}"
EndProject
Project("{FAE04EC0-301F-11D3-BF4B-00C04F79EFBC}") = "mXparser-50-Android", "dotnet-other\mXparser-Android\mXparser-50-Android.csproj", "{9ECB8076-4575-4C0A-B8EE-76A3C630B257}"
EndProject
Project("{FAE04EC0-301F-11D3-BF4B-00C04F79EFBC}") = "mXparser-60-iOS", "dotnet-other\mXparser-iOS\mXparser-60-iOS.csproj", "{A473AE2D-0B54-4C91-A0AD-D6DD4CF13FCE}"
EndProject
Project("{9A19103F-16F7-4668-BE54-9A1E7A4F7556}") = "mXparser-dot.net", "dotnet-other\mXparser-dot.net\mXparser-dot.net.csproj", "{6CA73C24-80B4-496C-827C-B675240C7928}"
EndProject
Project("{FAE04EC0-301F-11D3-BF4B-00C04F79EFBC}") = "Tests-mXparser-00-Current", "unit-tests\Tests-mXparser-00-Current\Tests-mXparser-00-Current.csproj", "{783F19DC-8ED9-4120-8B7B-BBCA8D859D8B}"
EndProject
Global
	GlobalSection(SolutionConfigurationPlatforms) = preSolution
		Ad-Hoc|Any CPU = Ad-Hoc|Any CPU
		Ad-Hoc|iPhone = Ad-Hoc|iPhone
		Ad-Hoc|iPhoneSimulator = Ad-Hoc|iPhoneSimulator
		Ad-Hoc|x86 = Ad-Hoc|x86
		AppStore|Any CPU = AppStore|Any CPU
		AppStore|iPhone = AppStore|iPhone
		AppStore|iPhoneSimulator = AppStore|iPhoneSimulator
		AppStore|x86 = AppStore|x86
		Debug|Any CPU = Debug|Any CPU
		Debug|iPhone = Debug|iPhone
		Debug|iPhoneSimulator = Debug|iPhoneSimulator
		Debug|x86 = Debug|x86
		Release|Any CPU = Release|Any CPU
		Release|iPhone = Release|iPhone
		Release|iPhoneSimulator = Release|iPhoneSimulator
		Release|x86 = Release|x86
	EndGlobalSection
	GlobalSection(ProjectConfigurationPlatforms) = postSolution
		{DAB07121-1F1D-4D95-B837-539E2FE64BAB}.Ad-Hoc|Any CPU.ActiveCfg = Release|x86
		{DAB07121-1F1D-4D95-B837-539E2FE64BAB}.Ad-Hoc|Any CPU.Build.0 = Release|x86
		{DAB07121-1F1D-4D95-B837-539E2FE64BAB}.Ad-Hoc|iPhone.ActiveCfg = Release|x86
		{DAB07121-1F1D-4D95-B837-539E2FE64BAB}.Ad-Hoc|iPhone.Build.0 = Release|x86
		{DAB07121-1F1D-4D95-B837-539E2FE64BAB}.Ad-Hoc|iPhoneSimulator.ActiveCfg = Release|x86
		{DAB07121-1F1D-4D95-B837-539E2FE64BAB}.Ad-Hoc|iPhoneSimulator.Build.0 = Release|x86
		{DAB07121-1F1D-4D95-B837-539E2FE64BAB}.Ad-Hoc|x86.ActiveCfg = Release|x86
		{DAB07121-1F1D-4D95-B837-539E2FE64BAB}.Ad-Hoc|x86.Build.0 = Release|x86
		{DAB07121-1F1D-4D95-B837-539E2FE64BAB}.AppStore|Any CPU.ActiveCfg = Release|x86
		{DAB07121-1F1D-4D95-B837-539E2FE64BAB}.AppStore|Any CPU.Build.0 = Release|x86
		{DAB07121-1F1D-4D95-B837-539E2FE64BAB}.AppStore|iPhone.ActiveCfg = Release|x86
		{DAB07121-1F1D-4D95-B837-539E2FE64BAB}.AppStore|iPhone.Build.0 = Release|x86
		{DAB07121-1F1D-4D95-B837-539E2FE64BAB}.AppStore|iPhoneSimulator.ActiveCfg = Release|x86
		{DAB07121-1F1D-4D95-B837-539E2FE64BAB}.AppStore|iPhoneSimulator.Build.0 = Release|x86
		{DAB07121-1F1D-4D95-B837-539E2FE64BAB}.AppStore|x86.ActiveCfg = Release|x86
		{DAB07121-1F1D-4D95-B837-539E2FE64BAB}.AppStore|x86.Build.0 = Release|x86
		{DAB07121-1F1D-4D95-B837-539E2FE64BAB}.Debug|Any CPU.ActiveCfg = Debug|x86
		{DAB07121-1F1D-4D95-B837-539E2FE64BAB}.Debug|iPhone.ActiveCfg = Debug|x86
		{DAB07121-1F1D-4D95-B837-539E2FE64BAB}.Debug|iPhoneSimulator.ActiveCfg = Debug|x86
		{DAB07121-1F1D-4D95-B837-539E2FE64BAB}.Debug|x86.ActiveCfg = Debug|x86
		{DAB07121-1F1D-4D95-B837-539E2FE64BAB}.Debug|x86.Build.0 = Debug|x86
		{DAB07121-1F1D-4D95-B837-539E2FE64BAB}.Release|Any CPU.ActiveCfg = Release|x86
		{DAB07121-1F1D-4D95-B837-539E2FE64BAB}.Release|iPhone.ActiveCfg = Release|x86
		{DAB07121-1F1D-4D95-B837-539E2FE64BAB}.Release|iPhoneSimulator.ActiveCfg = Release|x86
		{DAB07121-1F1D-4D95-B837-539E2FE64BAB}.Release|x86.ActiveCfg = Release|x86
		{DAB07121-1F1D-4D95-B837-539E2FE64BAB}.Release|x86.Build.0 = Release|x86
		{C27B3CA5-FF2E-4BEB-8C39-D33A777E852C}.Ad-Hoc|Any CPU.ActiveCfg = Release|Any CPU
		{C27B3CA5-FF2E-4BEB-8C39-D33A777E852C}.Ad-Hoc|Any CPU.Build.0 = Release|Any CPU
		{C27B3CA5-FF2E-4BEB-8C39-D33A777E852C}.Ad-Hoc|iPhone.ActiveCfg = Release|Any CPU
		{C27B3CA5-FF2E-4BEB-8C39-D33A777E852C}.Ad-Hoc|iPhone.Build.0 = Release|Any CPU
		{C27B3CA5-FF2E-4BEB-8C39-D33A777E852C}.Ad-Hoc|iPhoneSimulator.ActiveCfg = Release|Any CPU
		{C27B3CA5-FF2E-4BEB-8C39-D33A777E852C}.Ad-Hoc|iPhoneSimulator.Build.0 = Release|Any CPU
		{C27B3CA5-FF2E-4BEB-8C39-D33A777E852C}.Ad-Hoc|x86.ActiveCfg = Release|Any CPU
		{C27B3CA5-FF2E-4BEB-8C39-D33A777E852C}.Ad-Hoc|x86.Build.0 = Release|Any CPU
		{C27B3CA5-FF2E-4BEB-8C39-D33A777E852C}.AppStore|Any CPU.ActiveCfg = Release|Any CPU
		{C27B3CA5-FF2E-4BEB-8C39-D33A777E852C}.AppStore|Any CPU.Build.0 = Release|Any CPU
		{C27B3CA5-FF2E-4BEB-8C39-D33A777E852C}.AppStore|iPhone.ActiveCfg = Release|Any CPU
		{C27B3CA5-FF2E-4BEB-8C39-D33A777E852C}.AppStore|iPhone.Build.0 = Release|Any CPU
		{C27B3CA5-FF2E-4BEB-8C39-D33A777E852C}.AppStore|iPhoneSimulator.ActiveCfg = Release|Any CPU
		{C27B3CA5-FF2E-4BEB-8C39-D33A777E852C}.AppStore|iPhoneSimulator.Build.0 = Release|Any CPU
		{C27B3CA5-FF2E-4BEB-8C39-D33A777E852C}.AppStore|x86.ActiveCfg = Release|Any CPU
		{C27B3CA5-FF2E-4BEB-8C39-D33A777E852C}.AppStore|x86.Build.0 = Release|Any CPU
		{C27B3CA5-FF2E-4BEB-8C39-D33A777E852C}.Debug|Any CPU.ActiveCfg = Debug|Any CPU
		{C27B3CA5-FF2E-4BEB-8C39-D33A777E852C}.Debug|Any CPU.Build.0 = Debug|Any CPU
		{C27B3CA5-FF2E-4BEB-8C39-D33A777E852C}.Debug|iPhone.ActiveCfg = Debug|Any CPU
		{C27B3CA5-FF2E-4BEB-8C39-D33A777E852C}.Debug|iPhone.Build.0 = Debug|Any CPU
		{C27B3CA5-FF2E-4BEB-8C39-D33A777E852C}.Debug|iPhoneSimulator.ActiveCfg = Debug|Any CPU
		{C27B3CA5-FF2E-4BEB-8C39-D33A777E852C}.Debug|iPhoneSimulator.Build.0 = Debug|Any CPU
		{C27B3CA5-FF2E-4BEB-8C39-D33A777E852C}.Debug|x86.ActiveCfg = Debug|Any CPU
		{C27B3CA5-FF2E-4BEB-8C39-D33A777E852C}.Debug|x86.Build.0 = Debug|Any CPU
		{C27B3CA5-FF2E-4BEB-8C39-D33A777E852C}.Release|Any CPU.ActiveCfg = Release|Any CPU
		{C27B3CA5-FF2E-4BEB-8C39-D33A777E852C}.Release|Any CPU.Build.0 = Release|Any CPU
		{C27B3CA5-FF2E-4BEB-8C39-D33A777E852C}.Release|iPhone.ActiveCfg = Release|Any CPU
		{C27B3CA5-FF2E-4BEB-8C39-D33A777E852C}.Release|iPhone.Build.0 = Release|Any CPU
		{C27B3CA5-FF2E-4BEB-8C39-D33A777E852C}.Release|iPhoneSimulator.ActiveCfg = Release|Any CPU
		{C27B3CA5-FF2E-4BEB-8C39-D33A777E852C}.Release|iPhoneSimulator.Build.0 = Release|Any CPU
		{C27B3CA5-FF2E-4BEB-8C39-D33A777E852C}.Release|x86.ActiveCfg = Release|Any CPU
		{C27B3CA5-FF2E-4BEB-8C39-D33A777E852C}.Release|x86.Build.0 = Release|Any CPU
		{379A29D3-CE34-43AA-A333-AAF73165359A}.Ad-Hoc|Any CPU.ActiveCfg = Release|Any CPU
		{379A29D3-CE34-43AA-A333-AAF73165359A}.Ad-Hoc|Any CPU.Build.0 = Release|Any CPU
		{379A29D3-CE34-43AA-A333-AAF73165359A}.Ad-Hoc|iPhone.ActiveCfg = Release|Any CPU
		{379A29D3-CE34-43AA-A333-AAF73165359A}.Ad-Hoc|iPhone.Build.0 = Release|Any CPU
		{379A29D3-CE34-43AA-A333-AAF73165359A}.Ad-Hoc|iPhoneSimulator.ActiveCfg = Release|Any CPU
		{379A29D3-CE34-43AA-A333-AAF73165359A}.Ad-Hoc|iPhoneSimulator.Build.0 = Release|Any CPU
		{379A29D3-CE34-43AA-A333-AAF73165359A}.Ad-Hoc|x86.ActiveCfg = Release|Any CPU
		{379A29D3-CE34-43AA-A333-AAF73165359A}.Ad-Hoc|x86.Build.0 = Release|Any CPU
		{379A29D3-CE34-43AA-A333-AAF73165359A}.AppStore|Any CPU.ActiveCfg = Release|Any CPU
		{379A29D3-CE34-43AA-A333-AAF73165359A}.AppStore|Any CPU.Build.0 = Release|Any CPU
		{379A29D3-CE34-43AA-A333-AAF73165359A}.AppStore|iPhone.ActiveCfg = Release|Any CPU
		{379A29D3-CE34-43AA-A333-AAF73165359A}.AppStore|iPhone.Build.0 = Release|Any CPU
		{379A29D3-CE34-43AA-A333-AAF73165359A}.AppStore|iPhoneSimulator.ActiveCfg = Release|Any CPU
		{379A29D3-CE34-43AA-A333-AAF73165359A}.AppStore|iPhoneSimulator.Build.0 = Release|Any CPU
		{379A29D3-CE34-43AA-A333-AAF73165359A}.AppStore|x86.ActiveCfg = Release|Any CPU
		{379A29D3-CE34-43AA-A333-AAF73165359A}.AppStore|x86.Build.0 = Release|Any CPU
		{379A29D3-CE34-43AA-A333-AAF73165359A}.Debug|Any CPU.ActiveCfg = Debug|Any CPU
		{379A29D3-CE34-43AA-A333-AAF73165359A}.Debug|Any CPU.Build.0 = Debug|Any CPU
		{379A29D3-CE34-43AA-A333-AAF73165359A}.Debug|iPhone.ActiveCfg = Debug|Any CPU
		{379A29D3-CE34-43AA-A333-AAF73165359A}.Debug|iPhone.Build.0 = Debug|Any CPU
		{379A29D3-CE34-43AA-A333-AAF73165359A}.Debug|iPhoneSimulator.ActiveCfg = Debug|Any CPU
		{379A29D3-CE34-43AA-A333-AAF73165359A}.Debug|iPhoneSimulator.Build.0 = Debug|Any CPU
		{379A29D3-CE34-43AA-A333-AAF73165359A}.Debug|x86.ActiveCfg = Debug|Any CPU
		{379A29D3-CE34-43AA-A333-AAF73165359A}.Debug|x86.Build.0 = Debug|Any CPU
		{379A29D3-CE34-43AA-A333-AAF73165359A}.Release|Any CPU.ActiveCfg = Release|Any CPU
		{379A29D3-CE34-43AA-A333-AAF73165359A}.Release|Any CPU.Build.0 = Release|Any CPU
		{379A29D3-CE34-43AA-A333-AAF73165359A}.Release|iPhone.ActiveCfg = Release|Any CPU
		{379A29D3-CE34-43AA-A333-AAF73165359A}.Release|iPhone.Build.0 = Release|Any CPU
		{379A29D3-CE34-43AA-A333-AAF73165359A}.Release|iPhoneSimulator.ActiveCfg = Release|Any CPU
		{379A29D3-CE34-43AA-A333-AAF73165359A}.Release|iPhoneSimulator.Build.0 = Release|Any CPU
		{379A29D3-CE34-43AA-A333-AAF73165359A}.Release|x86.ActiveCfg = Release|Any CPU
		{379A29D3-CE34-43AA-A333-AAF73165359A}.Release|x86.Build.0 = Release|Any CPU
		{9ECB8076-4575-4C0A-B8EE-76A3C630B257}.Ad-Hoc|Any CPU.ActiveCfg = Release|Any CPU
		{9ECB8076-4575-4C0A-B8EE-76A3C630B257}.Ad-Hoc|Any CPU.Build.0 = Release|Any CPU
		{9ECB8076-4575-4C0A-B8EE-76A3C630B257}.Ad-Hoc|iPhone.ActiveCfg = Release|Any CPU
		{9ECB8076-4575-4C0A-B8EE-76A3C630B257}.Ad-Hoc|iPhone.Build.0 = Release|Any CPU
		{9ECB8076-4575-4C0A-B8EE-76A3C630B257}.Ad-Hoc|iPhoneSimulator.ActiveCfg = Release|Any CPU
		{9ECB8076-4575-4C0A-B8EE-76A3C630B257}.Ad-Hoc|iPhoneSimulator.Build.0 = Release|Any CPU
		{9ECB8076-4575-4C0A-B8EE-76A3C630B257}.Ad-Hoc|x86.ActiveCfg = Release|Any CPU
		{9ECB8076-4575-4C0A-B8EE-76A3C630B257}.Ad-Hoc|x86.Build.0 = Release|Any CPU
		{9ECB8076-4575-4C0A-B8EE-76A3C630B257}.AppStore|Any CPU.ActiveCfg = Release|Any CPU
		{9ECB8076-4575-4C0A-B8EE-76A3C630B257}.AppStore|Any CPU.Build.0 = Release|Any CPU
		{9ECB8076-4575-4C0A-B8EE-76A3C630B257}.AppStore|iPhone.ActiveCfg = Release|Any CPU
		{9ECB8076-4575-4C0A-B8EE-76A3C630B257}.AppStore|iPhone.Build.0 = Release|Any CPU
		{9ECB8076-4575-4C0A-B8EE-76A3C630B257}.AppStore|iPhoneSimulator.ActiveCfg = Release|Any CPU
		{9ECB8076-4575-4C0A-B8EE-76A3C630B257}.AppStore|iPhoneSimulator.Build.0 = Release|Any CPU
		{9ECB8076-4575-4C0A-B8EE-76A3C630B257}.AppStore|x86.ActiveCfg = Release|Any CPU
		{9ECB8076-4575-4C0A-B8EE-76A3C630B257}.AppStore|x86.Build.0 = Release|Any CPU
		{9ECB8076-4575-4C0A-B8EE-76A3C630B257}.Debug|Any CPU.ActiveCfg = Debug|Any CPU
		{9ECB8076-4575-4C0A-B8EE-76A3C630B257}.Debug|Any CPU.Build.0 = Debug|Any CPU
		{9ECB8076-4575-4C0A-B8EE-76A3C630B257}.Debug|iPhone.ActiveCfg = Debug|Any CPU
		{9ECB8076-4575-4C0A-B8EE-76A3C630B257}.Debug|iPhone.Build.0 = Debug|Any CPU
		{9ECB8076-4575-4C0A-B8EE-76A3C630B257}.Debug|iPhoneSimulator.ActiveCfg = Debug|Any CPU
		{9ECB8076-4575-4C0A-B8EE-76A3C630B257}.Debug|iPhoneSimulator.Build.0 = Debug|Any CPU
		{9ECB8076-4575-4C0A-B8EE-76A3C630B257}.Debug|x86.ActiveCfg = Debug|Any CPU
		{9ECB8076-4575-4C0A-B8EE-76A3C630B257}.Debug|x86.Build.0 = Debug|Any CPU
		{9ECB8076-4575-4C0A-B8EE-76A3C630B257}.Release|Any CPU.ActiveCfg = Release|Any CPU
		{9ECB8076-4575-4C0A-B8EE-76A3C630B257}.Release|Any CPU.Build.0 = Release|Any CPU
		{9ECB8076-4575-4C0A-B8EE-76A3C630B257}.Release|iPhone.ActiveCfg = Release|Any CPU
		{9ECB8076-4575-4C0A-B8EE-76A3C630B257}.Release|iPhone.Build.0 = Release|Any CPU
		{9ECB8076-4575-4C0A-B8EE-76A3C630B257}.Release|iPhoneSimulator.ActiveCfg = Release|Any CPU
		{9ECB8076-4575-4C0A-B8EE-76A3C630B257}.Release|iPhoneSimulator.Build.0 = Release|Any CPU
		{9ECB8076-4575-4C0A-B8EE-76A3C630B257}.Release|x86.ActiveCfg = Release|Any CPU
		{9ECB8076-4575-4C0A-B8EE-76A3C630B257}.Release|x86.Build.0 = Release|Any CPU
		{A473AE2D-0B54-4C91-A0AD-D6DD4CF13FCE}.Ad-Hoc|Any CPU.ActiveCfg = Release|Any CPU
		{A473AE2D-0B54-4C91-A0AD-D6DD4CF13FCE}.Ad-Hoc|Any CPU.Build.0 = Release|Any CPU
		{A473AE2D-0B54-4C91-A0AD-D6DD4CF13FCE}.Ad-Hoc|iPhone.ActiveCfg = Release|Any CPU
		{A473AE2D-0B54-4C91-A0AD-D6DD4CF13FCE}.Ad-Hoc|iPhone.Build.0 = Release|Any CPU
		{A473AE2D-0B54-4C91-A0AD-D6DD4CF13FCE}.Ad-Hoc|iPhoneSimulator.ActiveCfg = Release|Any CPU
		{A473AE2D-0B54-4C91-A0AD-D6DD4CF13FCE}.Ad-Hoc|iPhoneSimulator.Build.0 = Release|Any CPU
		{A473AE2D-0B54-4C91-A0AD-D6DD4CF13FCE}.Ad-Hoc|x86.ActiveCfg = Release|Any CPU
		{A473AE2D-0B54-4C91-A0AD-D6DD4CF13FCE}.Ad-Hoc|x86.Build.0 = Release|Any CPU
		{A473AE2D-0B54-4C91-A0AD-D6DD4CF13FCE}.AppStore|Any CPU.ActiveCfg = Release|Any CPU
		{A473AE2D-0B54-4C91-A0AD-D6DD4CF13FCE}.AppStore|Any CPU.Build.0 = Release|Any CPU
		{A473AE2D-0B54-4C91-A0AD-D6DD4CF13FCE}.AppStore|iPhone.ActiveCfg = Release|Any CPU
		{A473AE2D-0B54-4C91-A0AD-D6DD4CF13FCE}.AppStore|iPhone.Build.0 = Release|Any CPU
		{A473AE2D-0B54-4C91-A0AD-D6DD4CF13FCE}.AppStore|iPhoneSimulator.ActiveCfg = Release|Any CPU
		{A473AE2D-0B54-4C91-A0AD-D6DD4CF13FCE}.AppStore|iPhoneSimulator.Build.0 = Release|Any CPU
		{A473AE2D-0B54-4C91-A0AD-D6DD4CF13FCE}.AppStore|x86.ActiveCfg = Release|Any CPU
		{A473AE2D-0B54-4C91-A0AD-D6DD4CF13FCE}.AppStore|x86.Build.0 = Release|Any CPU
		{A473AE2D-0B54-4C91-A0AD-D6DD4CF13FCE}.Debug|Any CPU.ActiveCfg = Debug|Any CPU
		{A473AE2D-0B54-4C91-A0AD-D6DD4CF13FCE}.Debug|Any CPU.Build.0 = Debug|Any CPU
		{A473AE2D-0B54-4C91-A0AD-D6DD4CF13FCE}.Debug|iPhone.ActiveCfg = Debug|Any CPU
		{A473AE2D-0B54-4C91-A0AD-D6DD4CF13FCE}.Debug|iPhone.Build.0 = Debug|Any CPU
		{A473AE2D-0B54-4C91-A0AD-D6DD4CF13FCE}.Debug|iPhoneSimulator.ActiveCfg = Debug|Any CPU
		{A473AE2D-0B54-4C91-A0AD-D6DD4CF13FCE}.Debug|iPhoneSimulator.Build.0 = Debug|Any CPU
		{A473AE2D-0B54-4C91-A0AD-D6DD4CF13FCE}.Debug|x86.ActiveCfg = Debug|Any CPU
		{A473AE2D-0B54-4C91-A0AD-D6DD4CF13FCE}.Debug|x86.Build.0 = Debug|Any CPU
		{A473AE2D-0B54-4C91-A0AD-D6DD4CF13FCE}.Release|Any CPU.ActiveCfg = Release|Any CPU
		{A473AE2D-0B54-4C91-A0AD-D6DD4CF13FCE}.Release|Any CPU.Build.0 = Release|Any CPU
		{A473AE2D-0B54-4C91-A0AD-D6DD4CF13FCE}.Release|iPhone.ActiveCfg = Release|Any CPU
		{A473AE2D-0B54-4C91-A0AD-D6DD4CF13FCE}.Release|iPhone.Build.0 = Release|Any CPU
		{A473AE2D-0B54-4C91-A0AD-D6DD4CF13FCE}.Release|iPhoneSimulator.ActiveCfg = Release|Any CPU
		{A473AE2D-0B54-4C91-A0AD-D6DD4CF13FCE}.Release|iPhoneSimulator.Build.0 = Release|Any CPU
		{A473AE2D-0B54-4C91-A0AD-D6DD4CF13FCE}.Release|x86.ActiveCfg = Release|Any CPU
		{A473AE2D-0B54-4C91-A0AD-D6DD4CF13FCE}.Release|x86.Build.0 = Release|Any CPU
		{6CA73C24-80B4-496C-827C-B675240C7928}.Ad-Hoc|Any CPU.ActiveCfg = Debug|Any CPU
		{6CA73C24-80B4-496C-827C-B675240C7928}.Ad-Hoc|Any CPU.Build.0 = Debug|Any CPU
		{6CA73C24-80B4-496C-827C-B675240C7928}.Ad-Hoc|iPhone.ActiveCfg = Debug|Any CPU
		{6CA73C24-80B4-496C-827C-B675240C7928}.Ad-Hoc|iPhone.Build.0 = Debug|Any CPU
		{6CA73C24-80B4-496C-827C-B675240C7928}.Ad-Hoc|iPhoneSimulator.ActiveCfg = Debug|Any CPU
		{6CA73C24-80B4-496C-827C-B675240C7928}.Ad-Hoc|iPhoneSimulator.Build.0 = Debug|Any CPU
		{6CA73C24-80B4-496C-827C-B675240C7928}.Ad-Hoc|x86.ActiveCfg = Debug|Any CPU
		{6CA73C24-80B4-496C-827C-B675240C7928}.Ad-Hoc|x86.Build.0 = Debug|Any CPU
		{6CA73C24-80B4-496C-827C-B675240C7928}.AppStore|Any CPU.ActiveCfg = Debug|Any CPU
		{6CA73C24-80B4-496C-827C-B675240C7928}.AppStore|Any CPU.Build.0 = Debug|Any CPU
		{6CA73C24-80B4-496C-827C-B675240C7928}.AppStore|iPhone.ActiveCfg = Debug|Any CPU
		{6CA73C24-80B4-496C-827C-B675240C7928}.AppStore|iPhone.Build.0 = Debug|Any CPU
		{6CA73C24-80B4-496C-827C-B675240C7928}.AppStore|iPhoneSimulator.ActiveCfg = Debug|Any CPU
		{6CA73C24-80B4-496C-827C-B675240C7928}.AppStore|iPhoneSimulator.Build.0 = Debug|Any CPU
		{6CA73C24-80B4-496C-827C-B675240C7928}.AppStore|x86.ActiveCfg = Debug|Any CPU
		{6CA73C24-80B4-496C-827C-B675240C7928}.AppStore|x86.Build.0 = Debug|Any CPU
		{6CA73C24-80B4-496C-827C-B675240C7928}.Debug|Any CPU.ActiveCfg = Debug|Any CPU
		{6CA73C24-80B4-496C-827C-B675240C7928}.Debug|Any CPU.Build.0 = Debug|Any CPU
		{6CA73C24-80B4-496C-827C-B675240C7928}.Debug|iPhone.ActiveCfg = Debug|Any CPU
		{6CA73C24-80B4-496C-827C-B675240C7928}.Debug|iPhone.Build.0 = Debug|Any CPU
		{6CA73C24-80B4-496C-827C-B675240C7928}.Debug|iPhoneSimulator.ActiveCfg = Debug|Any CPU
		{6CA73C24-80B4-496C-827C-B675240C7928}.Debug|iPhoneSimulator.Build.0 = Debug|Any CPU
		{6CA73C24-80B4-496C-827C-B675240C7928}.Debug|x86.ActiveCfg = Debug|Any CPU
		{6CA73C24-80B4-496C-827C-B675240C7928}.Debug|x86.Build.0 = Debug|Any CPU
		{6CA73C24-80B4-496C-827C-B675240C7928}.Release|Any CPU.ActiveCfg = Release|Any CPU
		{6CA73C24-80B4-496C-827C-B675240C7928}.Release|Any CPU.Build.0 = Release|Any CPU
		{6CA73C24-80B4-496C-827C-B675240C7928}.Release|iPhone.ActiveCfg = Release|Any CPU
		{6CA73C24-80B4-496C-827C-B675240C7928}.Release|iPhone.Build.0 = Release|Any CPU
		{6CA73C24-80B4-496C-827C-B675240C7928}.Release|iPhoneSimulator.ActiveCfg = Release|Any CPU
		{6CA73C24-80B4-496C-827C-B675240C7928}.Release|iPhoneSimulator.Build.0 = Release|Any CPU
		{6CA73C24-80B4-496C-827C-B675240C7928}.Release|x86.ActiveCfg = Release|Any CPU
		{6CA73C24-80B4-496C-827C-B675240C7928}.Release|x86.Build.0 = Release|Any CPU
		{783F19DC-8ED9-4120-8B7B-BBCA8D859D8B}.Ad-Hoc|Any CPU.ActiveCfg = Release|Any CPU
		{783F19DC-8ED9-4120-8B7B-BBCA8D859D8B}.Ad-Hoc|Any CPU.Build.0 = Release|Any CPU
		{783F19DC-8ED9-4120-8B7B-BBCA8D859D8B}.Ad-Hoc|iPhone.ActiveCfg = Release|Any CPU
		{783F19DC-8ED9-4120-8B7B-BBCA8D859D8B}.Ad-Hoc|iPhone.Build.0 = Release|Any CPU
		{783F19DC-8ED9-4120-8B7B-BBCA8D859D8B}.Ad-Hoc|iPhoneSimulator.ActiveCfg = Release|Any CPU
		{783F19DC-8ED9-4120-8B7B-BBCA8D859D8B}.Ad-Hoc|iPhoneSimulator.Build.0 = Release|Any CPU
		{783F19DC-8ED9-4120-8B7B-BBCA8D859D8B}.Ad-Hoc|x86.ActiveCfg = Release|Any CPU
		{783F19DC-8ED9-4120-8B7B-BBCA8D859D8B}.Ad-Hoc|x86.Build.0 = Release|Any CPU
		{783F19DC-8ED9-4120-8B7B-BBCA8D859D8B}.AppStore|Any CPU.ActiveCfg = Release|Any CPU
		{783F19DC-8ED9-4120-8B7B-BBCA8D859D8B}.AppStore|Any CPU.Build.0 = Release|Any CPU
		{783F19DC-8ED9-4120-8B7B-BBCA8D859D8B}.AppStore|iPhone.ActiveCfg = Release|Any CPU
		{783F19DC-8ED9-4120-8B7B-BBCA8D859D8B}.AppStore|iPhone.Build.0 = Release|Any CPU
		{783F19DC-8ED9-4120-8B7B-BBCA8D859D8B}.AppStore|iPhoneSimulator.ActiveCfg = Release|Any CPU
		{783F19DC-8ED9-4120-8B7B-BBCA8D859D8B}.AppStore|iPhoneSimulator.Build.0 = Release|Any CPU
		{783F19DC-8ED9-4120-8B7B-BBCA8D859D8B}.AppStore|x86.ActiveCfg = Release|Any CPU
		{783F19DC-8ED9-4120-8B7B-BBCA8D859D8B}.AppStore|x86.Build.0 = Release|Any CPU
		{783F19DC-8ED9-4120-8B7B-BBCA8D859D8B}.Debug|Any CPU.ActiveCfg = Debug|Any CPU
		{783F19DC-8ED9-4120-8B7B-BBCA8D859D8B}.Debug|Any CPU.Build.0 = Debug|Any CPU
		{783F19DC-8ED9-4120-8B7B-BBCA8D859D8B}.Debug|iPhone.ActiveCfg = Debug|Any CPU
		{783F19DC-8ED9-4120-8B7B-BBCA8D859D8B}.Debug|iPhone.Build.0 = Debug|Any CPU
		{783F19DC-8ED9-4120-8B7B-BBCA8D859D8B}.Debug|iPhoneSimulator.ActiveCfg = Debug|Any CPU
		{783F19DC-8ED9-4120-8B7B-BBCA8D859D8B}.Debug|iPhoneSimulator.Build.0 = Debug|Any CPU
		{783F19DC-8ED9-4120-8B7B-BBCA8D859D8B}.Debug|x86.ActiveCfg = Debug|Any CPU
		{783F19DC-8ED9-4120-8B7B-BBCA8D859D8B}.Debug|x86.Build.0 = Debug|Any CPU
		{783F19DC-8ED9-4120-8B7B-BBCA8D859D8B}.Release|Any CPU.ActiveCfg = Release|Any CPU
		{783F19DC-8ED9-4120-8B7B-BBCA8D859D8B}.Release|Any CPU.Build.0 = Release|Any CPU
		{783F19DC-8ED9-4120-8B7B-BBCA8D859D8B}.Release|iPhone.ActiveCfg = Release|Any CPU
		{783F19DC-8ED9-4120-8B7B-BBCA8D859D8B}.Release|iPhone.Build.0 = Release|Any CPU
		{783F19DC-8ED9-4120-8B7B-BBCA8D859D8B}.Release|iPhoneSimulator.ActiveCfg = Release|Any CPU
		{783F19DC-8ED9-4120-8B7B-BBCA8D859D8B}.Release|iPhoneSimulator.Build.0 = Release|Any CPU
		{783F19DC-8ED9-4120-8B7B-BBCA8D859D8B}.Release|x86.ActiveCfg = Release|Any CPU
		{783F19DC-8ED9-4120-8B7B-BBCA8D859D8B}.Release|x86.Build.0 = Release|Any CPU
	EndGlobalSection
	GlobalSection(SolutionProperties) = preSolution
		HideSolutionNode = FALSE
	EndGlobalSection
	GlobalSection(ExtensibilityGlobals) = postSolution
		SolutionGuid = {4BEBC937-80D4-4218-A82A-4AC410D897AC}
	EndGlobalSection
EndGlobal
