
Microsoft Visual Studio Solution File, Format Version 11.00
# Visual Studio 2010
Project("{FAE04EC0-301F-11D3-BF4B-00C04F79EFBC}") = "HelloWorld", "HelloWorld.csproj", "{35D1C4C2-DE7B-419E-96D6-453E00F4ADB9}"
EndProject
Global
	GlobalSection(SolutionConfigurationPlatforms) = preSolution
		Debug|x86 = Debug|x86
		Release|x86 = Release|x86
	EndGlobalSection
	GlobalSection(ProjectConfigurationPlatforms) = postSolution
		{35D1C4C2-DE7B-419E-96D6-453E00F4ADB9}.Debug|x86.ActiveCfg = Debug|x86
		{35D1C4C2-DE7B-419E-96D6-453E00F4ADB9}.Debug|x86.Build.0 = Debug|x86
		{35D1C4C2-DE7B-419E-96D6-453E00F4ADB9}.Release|x86.ActiveCfg = Release|x86
		{35D1C4C2-DE7B-419E-96D6-453E00F4ADB9}.Release|x86.Build.0 = Release|x86
	EndGlobalSection
	GlobalSection(MonoDevelopProperties) = preSolution
		StartupItem = HelloWorld.csproj
	EndGlobalSection
EndGlobal
